{
  "name": "Travel App",
  "lockfileVersion": 3,
  "requires": true,
  "packages": {
    "": {
      "dependencies": {
        "@syncfusion/ej2-base": "^33.2.3",
        "@syncfusion/ej2-react-buttons": "^33.2.3",
        "@syncfusion/ej2-react-charts": "^33.2.3",
        "@syncfusion/ej2-react-dropdowns": "^33.2.3",
        "@syncfusion/ej2-react-grids": "^33.2.3",
        "@syncfusion/ej2-react-maps": "^33.2.3",
        "@syncfusion/ej2-react-navigations": "^33.2.3",
        "@syncfusion/ej2-react-splitbuttons": "^33.2.3",
        "clsx": "^2.1.1",
        "tailwind-merge": "^3.5.0"
      }
    },
    "node_modules/@syncfusion/ej2-base": {
      "version": "33.2.3",
      "resolved": "https://registry.npmjs.org/@syncfusion/ej2-base/-/ej2-base-33.2.3.tgz",
      "integrity": "sha512-EmBGfKdf+4qmqRPjjjiVnYM/3WEuHaoXNYqYp6bzrwQXARzqgLXgvo+hQkGnRE6ge7WbHMkPkCGyfFxJOufZcw==",
      "license": "SEE LICENSE IN license",
      "dependencies": {
        "@syncfusion/ej2-icons": "~33.2.3"
      },
      "bin": {
        "syncfusion-license": "bin/syncfusion-license.js"
      }
    },
    "node_modules/@syncfusion/ej2-buttons": {
      "version": "33.2.3",
      "resolved": "https://registry.npmjs.org/@syncfusion/ej2-buttons/-/ej2-buttons-33.2.3.tgz",
      "integrity": "sha512-vz6BUQvSJcp40IFodO9DLI3cXNIoBxSFr+rBuv4QPXcqRYNAkXf1wSvfG4Do5pXSFcPvTBzsH33DagH0fXu+EA==",
      "license": "SEE LICENSE IN license",
      "dependencies": {
        "@syncfusion/ej2-base": "~33.2.3"
      }
    },
    "node_modules/@syncfusion/ej2-calendars": {
      "version": "33.2.3",
      "resolved": "https://registry.npmjs.org/@syncfusion/ej2-calendars/-/ej2-calendars-33.2.3.tgz",
      "integrity": "sha512-J4CCfm2Flnq9N1p0C1/NTLWoWZTF8Soi4TM/vj97Z4te9URppKvQIVS1q2oLOx76+xd+FBB8nd95c7UeQzzf1g==",
      "license": "SEE LICENSE IN license",
      "dependencies": {
        "@syncfusion/ej2-base": "~33.2.3",
        "@syncfusion/ej2-buttons": "~33.2.3",
        "@syncfusion/ej2-inputs": "~33.2.3",
        "@syncfusion/ej2-lists": "~33.2.3",
        "@syncfusion/ej2-popups": "~33.2.3"
      }
    },
    "node_modules/@syncfusion/ej2-charts": {
      "version": "33.2.3",
      "resolved": "https://registry.npmjs.org/@syncfusion/ej2-charts/-/ej2-charts-33.2.3.tgz",
      "integrity": "sha512-ut20j5+NGwFf2YlnBan4Q3jR/Ny/MXdqbh/kYmeYPrNCaHe8N2u83lOlP4lLXOBifSPyB+Titi8+hVPbduLL2A==",
      "license": "SEE LICENSE IN license",
      "dependencies": {
        "@syncfusion/ej2-base": "~33.2.3",
        "@syncfusion/ej2-calendars": "~33.2.3",
        "@syncfusion/ej2-data": "~33.2.3",
        "@syncfusion/ej2-excel-export": "~33.2.3",
        "@syncfusion/ej2-navigations": "~33.2.3",
        "@syncfusion/ej2-pdf-export": "~33.2.3",
        "@syncfusion/ej2-svg-base": "~33.2.3"
      }
    },
    "node_modules/@syncfusion/ej2-compression": {
      "version": "33.2.3",
      "resolved": "https://registry.npmjs.org/@syncfusion/ej2-compression/-/ej2-compression-33.2.3.tgz",
      "integrity": "sha512-RCbWHyZN8FdLCZC/2Su/55mq9GWfLqvXXx5FjhXTsStUGmy1mdczsDswBVOe/HjSSzHAJF/99X9kcLa8rDTiSw==",
      "license": "SEE LICENSE IN license",
      "dependencies": {
        "@syncfusion/ej2-file-utils": "~33.2.3"
      }
    },
    "node_modules/@syncfusion/ej2-data": {
      "version": "33.2.3",
      "resolved": "https://registry.npmjs.org/@syncfusion/ej2-data/-/ej2-data-33.2.3.tgz",
      "integrity": "sha512-4dO/oJb9m5MwjG2ClPdpjVbx0WqXr2Ngo0xKdijgq0G6TBRjDu9/JxcRp6I6gL5VnBJKj/nkUfUJz8KKPzhbjA==",
      "license": "SEE LICENSE IN license",
      "dependencies": {
        "@syncfusion/ej2-base": "~33.2.3"
      }
    },
    "node_modules/@syncfusion/ej2-dropdowns": {
      "version": "33.2.3",
      "resolved": "https://registry.npmjs.org/@syncfusion/ej2-dropdowns/-/ej2-dropdowns-33.2.3.tgz",
      "integrity": "sha512-DFiwpu8lL/XRxSm+p3VA6APj56xEwngF3EsS1g4gO1TMYm116b3n5HsscOSZh28mF84g1dh8wQpzW5Hsz4L0GQ==",
      "license": "SEE LICENSE IN license",
      "dependencies": {
        "@syncfusion/ej2-base": "~33.2.3",
        "@syncfusion/ej2-data": "~33.2.3",
        "@syncfusion/ej2-inputs": "~33.2.3",
        "@syncfusion/ej2-lists": "~33.2.3",
        "@syncfusion/ej2-navigations": "~33.2.3",
        "@syncfusion/ej2-notifications": "~33.2.3",
        "@syncfusion/ej2-popups": "~33.2.3"
      }
    },
    "node_modules/@syncfusion/ej2-excel-export": {
      "version": "33.2.3",
      "resolved": "https://registry.npmjs.org/@syncfusion/ej2-excel-export/-/ej2-excel-export-33.2.3.tgz",
      "integrity": "sha512-QBaiucv6KSz3caOYcGd+zdL3nXnl2v41chvGTZNNtpcT8ijYjR6PW3WIRzpfXjgecU2LK4GVmfqaTKUqJbcgxA==",
      "license": "SEE LICENSE IN license",
      "dependencies": {
        "@syncfusion/ej2-base": "~33.2.3",
        "@syncfusion/ej2-compression": "~33.2.3"
      }
    },
    "node_modules/@syncfusion/ej2-file-utils": {
      "version": "33.2.3",
      "resolved": "https://registry.npmjs.org/@syncfusion/ej2-file-utils/-/ej2-file-utils-33.2.3.tgz",
      "integrity": "sha512-f4HClbAtDpz3iAJHAxxMib/wtS1xL2V3HHwnZXXNTieQx7OE2Gx6zRYLACskTrZxs2n78exK7LqZaWsJlFAP/A==",
      "license": "SEE LICENSE IN license"
    },
    "node_modules/@syncfusion/ej2-grids": {
      "version": "33.2.3",
      "resolved": "https://registry.npmjs.org/@syncfusion/ej2-grids/-/ej2-grids-33.2.3.tgz",
      "integrity": "sha512-6vdeWCobD8FkjeywH/wc1AMmrQ1naQ/M/Y2yQnOU8aFnEyAIAZZbR8NXDhbfhE8a1/ihQZCg2PEUPwQcsbssvA==",
      "license": "SEE LICENSE IN license",
      "dependencies": {
        "@syncfusion/ej2-base": "~33.2.3",
        "@syncfusion/ej2-buttons": "~33.2.3",
        "@syncfusion/ej2-calendars": "~33.2.3",
        "@syncfusion/ej2-compression": "~33.2.3",
        "@syncfusion/ej2-data": "~33.2.3",
        "@syncfusion/ej2-dropdowns": "~33.2.3",
        "@syncfusion/ej2-excel-export": "~33.2.3",
        "@syncfusion/ej2-file-utils": "~33.2.3",
        "@syncfusion/ej2-inputs": "~33.2.3",
        "@syncfusion/ej2-lists": "~33.2.3",
        "@syncfusion/ej2-navigations": "~33.2.3",
        "@syncfusion/ej2-notifications": "~33.2.3",
        "@syncfusion/ej2-pdf-export": "~33.2.3",
        "@syncfusion/ej2-popups": "~33.2.3",
        "@syncfusion/ej2-splitbuttons": "~33.2.3"
      }
    },
    "node_modules/@syncfusion/ej2-icons": {
      "version": "33.2.3",
      "resolved": "https://registry.npmjs.org/@syncfusion/ej2-icons/-/ej2-icons-33.2.3.tgz",
      "integrity": "sha512-9Y8zZPQCvQuk64p5J5Gp4uX1kH3pjNJd5Ho8qP8jOSfk90FBeSQ9O4CjcMbcNtZ9KLIajLU3gytV98R6FGE+OA==",
      "license": "SEE LICENSE IN license"
    },
    "node_modules/@syncfusion/ej2-inputs": {
      "version": "33.2.3",
      "resolved": "https://registry.npmjs.org/@syncfusion/ej2-inputs/-/ej2-inputs-33.2.3.tgz",
      "integrity": "sha512-8LtTIoHav7+Yd8DK1GNf9dFR6hmBvrPSPB6QQWXxBpIHLcY8azHsGCKfWE6lQkrCDLiuj0opWo1qo4AQnrKAAw==",
      "license": "SEE LICENSE IN license",
      "dependencies": {
        "@syncfusion/ej2-base": "~33.2.3",
        "@syncfusion/ej2-buttons": "~33.2.3",
        "@syncfusion/ej2-popups": "~33.2.3",
        "@syncfusion/ej2-splitbuttons": "~33.2.3"
      }
    },
    "node_modules/@syncfusion/ej2-lists": {
      "version": "33.2.3",
      "resolved": "https://registry.npmjs.org/@syncfusion/ej2-lists/-/ej2-lists-33.2.3.tgz",
      "integrity": "sha512-J8qssVsl+hzMKP9Rcc8NS8WOh4nRGBC5NTaJ6Fzjhz5Br/BCfvKLyCgu0QcLdsmYa9u1wOezmaUhqB0yAK+Rgg==",
      "license": "SEE LICENSE IN license",
      "dependencies": {
        "@syncfusion/ej2-base": "~33.2.3",
        "@syncfusion/ej2-buttons": "~33.2.3",
        "@syncfusion/ej2-data": "~33.2.3",
        "@syncfusion/ej2-popups": "~33.2.3"
      }
    },
    "node_modules/@syncfusion/ej2-maps": {
      "version": "33.2.3",
      "resolved": "https://registry.npmjs.org/@syncfusion/ej2-maps/-/ej2-maps-33.2.3.tgz",
      "integrity": "sha512-WkrNHTehevGQybSUx4VIPVMkBrNS0BZpJj5GK+6BKP1T3dINhT43v7C3SyAYfPCcNYQkiBe36voun9rDvmmB2g==",
      "license": "SEE LICENSE IN license",
      "dependencies": {
        "@syncfusion/ej2-base": "~33.2.3",
        "@syncfusion/ej2-buttons": "~33.2.3",
        "@syncfusion/ej2-compression": "~33.2.3",
        "@syncfusion/ej2-data": "~33.2.3",
        "@syncfusion/ej2-file-utils": "~33.2.3",
        "@syncfusion/ej2-pdf-export": "~33.2.3",
        "@syncfusion/ej2-svg-base": "~33.2.3"
      }
    },
    "node_modules/@syncfusion/ej2-navigations": {
      "version": "33.2.3",
      "resolved": "https://registry.npmjs.org/@syncfusion/ej2-navigations/-/ej2-navigations-33.2.3.tgz",
      "integrity": "sha512-PI/PdWDMYARTfvGxo82rE5YEr5MualILwYX7UBp9/3lcqhNBtO/4zoX6nWyfofdb7QNOCFNWLcd/EOAWAoY54g==",
      "license": "SEE LICENSE IN license",
      "dependencies": {
        "@syncfusion/ej2-base": "~33.2.3",
        "@syncfusion/ej2-buttons": "~33.2.3",
        "@syncfusion/ej2-data": "~33.2.3",
        "@syncfusion/ej2-inputs": "~33.2.3",
        "@syncfusion/ej2-lists": "~33.2.3",
        "@syncfusion/ej2-popups": "~33.2.3"
      }
    },
    "node_modules/@syncfusion/ej2-notifications": {
      "version": "33.2.3",
      "resolved": "https://registry.npmjs.org/@syncfusion/ej2-notifications/-/ej2-notifications-33.2.3.tgz",
      "integrity": "sha512-Nd7tjB6xNxVpjT8rLLxpzNrOxA7p2Pq2VDM/DA87tQkqx4C5GeifPob2+KFhM5o3sEmA9S3yvqa4vaD5JZ855w==",
      "license": "SEE LICENSE IN license",
      "dependencies": {
        "@syncfusion/ej2-base": "~33.2.3",
        "@syncfusion/ej2-buttons": "~33.2.3",
        "@syncfusion/ej2-popups": "~33.2.3"
      }
    },
    "node_modules/@syncfusion/ej2-pdf-export": {
      "version": "33.2.3",
      "resolved": "https://registry.npmjs.org/@syncfusion/ej2-pdf-export/-/ej2-pdf-export-33.2.3.tgz",
      "integrity": "sha512-+wj/v2asr9E5OQ9CS/ZKIWfa4J/kiPlWNg8PxxCcdhQL78HXcIfvXGmrfGLVzG/EtxWye3Ohs/d5Zhgq5zzCOg==",
      "license": "SEE LICENSE IN license",
      "dependencies": {
        "@syncfusion/ej2-compression": "~33.2.3"
      }
    },
    "node_modules/@syncfusion/ej2-popups": {
      "version": "33.2.3",
      "resolved": "https://registry.npmjs.org/@syncfusion/ej2-popups/-/ej2-popups-33.2.3.tgz",
      "integrity": "sha512-HKnJV8QBqdu1B0MWBdM7aEJ6ccu/50U2HVMgl/TP88cUlAI/YBSvVq1WRti/rcxCBvvGjPJmFiqVZT/nwoilTQ==",
      "license": "SEE LICENSE IN license",
      "dependencies": {
        "@syncfusion/ej2-base": "~33.2.3",
        "@syncfusion/ej2-buttons": "~33.2.3"
      }
    },
    "node_modules/@syncfusion/ej2-react-base": {
      "version": "33.2.3",
      "resolved": "https://registry.npmjs.org/@syncfusion/ej2-react-base/-/ej2-react-base-33.2.3.tgz",
      "integrity": "sha512-QgEuZ8ZZBGo6HQNu2VGyYKakY9KYshQDTw+2wmmTDWZZNilbmi5OYXEdscIenrUur7fmsOGVOswv6xYTnuyf3g==",
      "license": "SEE LICENSE IN license",
      "dependencies": {
        "@syncfusion/ej2-base": "~33.2.3"
      }
    },
    "node_modules/@syncfusion/ej2-react-buttons": {
      "version": "33.2.3",
      "resolved": "https://registry.npmjs.org/@syncfusion/ej2-react-buttons/-/ej2-react-buttons-33.2.3.tgz",
      "integrity": "sha512-470SbXOA5Ta/LrkgeJCcQ7HLeaTKcUJ0sDzK749Z/p97ysL47hG7KSAN9u/Mt9ecgXc6hmDspC/gunJvV66Csg==",
      "license": "SEE LICENSE IN license",
      "dependencies": {
        "@syncfusion/ej2-base": "~33.2.3",
        "@syncfusion/ej2-buttons": "33.2.3",
        "@syncfusion/ej2-react-base": "~33.2.3"
      }
    },
    "node_modules/@syncfusion/ej2-react-charts": {
      "version": "33.2.3",
      "resolved": "https://registry.npmjs.org/@syncfusion/ej2-react-charts/-/ej2-react-charts-33.2.3.tgz",
      "integrity": "sha512-H5tFhpyR3KcCLnPzVaiwB4g1hFBk+BrBpyki00AQmExPqd/CoH3WHamS1Ut3E3aiiFbrYp8jFh1V1oP4FIHKDw==",
      "license": "SEE LICENSE IN license",
      "dependencies": {
        "@syncfusion/ej2-base": "~33.2.3",
        "@syncfusion/ej2-charts": "33.2.3",
        "@syncfusion/ej2-react-base": "~33.2.3"
      }
    },
    "node_modules/@syncfusion/ej2-react-dropdowns": {
      "version": "33.2.3",
      "resolved": "https://registry.npmjs.org/@syncfusion/ej2-react-dropdowns/-/ej2-react-dropdowns-33.2.3.tgz",
      "integrity": "sha512-gp49Hrnow5KEoQxIT9qsGPL8PrnpzJiNFgXcH3PUG1fBz8BqvEtFy+QFhAbIf/DzVZ/YIA9G7qRSF7D8GH/11w==",
      "license": "SEE LICENSE IN license",
      "dependencies": {
        "@syncfusion/ej2-base": "~33.2.3",
        "@syncfusion/ej2-dropdowns": "33.2.3",
        "@syncfusion/ej2-react-base": "~33.2.3"
      }
    },
    "node_modules/@syncfusion/ej2-react-grids": {
      "version": "33.2.3",
      "resolved": "https://registry.npmjs.org/@syncfusion/ej2-react-grids/-/ej2-react-grids-33.2.3.tgz",
      "integrity": "sha512-FVVLrs5Xa4+v6mLSg8wYq4MGwYYSRWkor+vnQ3ieiDpEOwh+SesyNGTmsu9s1Ft8W6FvuzGqc5t0Ep8oo5nXzQ==",
      "license": "SEE LICENSE IN license",
      "dependencies": {
        "@syncfusion/ej2-base": "~33.2.3",
        "@syncfusion/ej2-grids": "33.2.3",
        "@syncfusion/ej2-react-base": "~33.2.3"
      }
    },
    "node_modules/@syncfusion/ej2-react-maps": {
      "version": "33.2.3",
      "resolved": "https://registry.npmjs.org/@syncfusion/ej2-react-maps/-/ej2-react-maps-33.2.3.tgz",
      "integrity": "sha512-h77IMFzd9h64vK+Hr4WxAFjEopDZv6kh5EtztATuqZk5KAvXRSp3fCZigqL52NdiH8/OS+FgRA0A19KgmZ+whA==",
      "license": "SEE LICENSE IN license",
      "dependencies": {
        "@syncfusion/ej2-base": "~33.2.3",
        "@syncfusion/ej2-maps": "33.2.3",
        "@syncfusion/ej2-react-base": "~33.2.3"
      }
    },
    "node_modules/@syncfusion/ej2-react-navigations": {
      "version": "33.2.3",
      "resolved": "https://registry.npmjs.org/@syncfusion/ej2-react-navigations/-/ej2-react-navigations-33.2.3.tgz",
      "integrity": "sha512-FkPtEZ3L0Zd+44DOsBsb7IQ75k6wtnG0fZV13O1l5dWdLYJQkozPFMwo06CtzL2bAt4BHRY0wGJJuCmg2BUTlw==",
      "license": "SEE LICENSE IN license",
      "dependencies": {
        "@syncfusion/ej2-base": "~33.2.3",
        "@syncfusion/ej2-navigations": "33.2.3",
        "@syncfusion/ej2-react-base": "~33.2.3"
      }
    },
    "node_modules/@syncfusion/ej2-react-splitbuttons": {
      "version": "33.2.3",
      "resolved": "https://registry.npmjs.org/@syncfusion/ej2-react-splitbuttons/-/ej2-react-splitbuttons-33.2.3.tgz",
      "integrity": "sha512-yvUa6mon5mlfxb76jwNaYk4rLF/MMFvFOOIbfUp73NDEmGksUuBfwKCuh9BIc44q3oHfCXWWnMy206//IRiw6Q==",
      "license": "SEE LICENSE IN license",
      "dependencies": {
        "@syncfusion/ej2-base": "~33.2.3",
        "@syncfusion/ej2-react-base": "~33.2.3",
        "@syncfusion/ej2-splitbuttons": "33.2.3"
      }
    },
    "node_modules/@syncfusion/ej2-splitbuttons": {
      "version": "33.2.3",
      "resolved": "https://registry.npmjs.org/@syncfusion/ej2-splitbuttons/-/ej2-splitbuttons-33.2.3.tgz",
      "integrity": "sha512-iqCVkqylgBffFF2vTsYXoL9bCy5AQf+XaQXwSHg+H+x4eOfqBgdNESE049g3ljwO13O5VDX3FToDXXhcXw5KRA==",
      "license": "SEE LICENSE IN license",
      "dependencies": {
        "@syncfusion/ej2-base": "~33.2.3",
        "@syncfusion/ej2-popups": "~33.2.3"
      }
    },
    "node_modules/@syncfusion/ej2-svg-base": {
      "version": "33.2.3",
      "resolved": "https://registry.npmjs.org/@syncfusion/ej2-svg-base/-/ej2-svg-base-33.2.3.tgz",
      "integrity": "sha512-zJLlPcpdjC0of/ZWnmaTIO4zFldK7L/hwAT9xuz8NeOzOcqWEOCPGNqQgkGFYzp4fqbneb0UhNdg2CUTfXV41Q==",
      "license": "SEE LICENSE IN license",
      "dependencies": {
        "@syncfusion/ej2-base": "~33.2.3"
      }
    },
    "node_modules/clsx": {
      "version": "2.1.1",
      "resolved": "https://registry.npmjs.org/clsx/-/clsx-2.1.1.tgz",
      "integrity": "sha512-eYm0QWBtUrBWZWG0d386OGAw16Z995PiOVo2B7bjWSbHedGl5e0ZWaq65kOGgUSNesEIDkB9ISbTg/JK9dhCZA==",
      "license": "MIT",
      "engines": {
        "node": ">=6"
      }
    },
    "node_modules/tailwind-merge": {
      "version": "3.5.0",
      "resolved": "https://registry.npmjs.org/tailwind-merge/-/tailwind-merge-3.5.0.tgz",
      "integrity": "sha512-I8K9wewnVDkL1NTGoqWmVEIlUcB9gFriAEkXkfCjX5ib8ezGxtR3xD7iZIxrfArjEsH7F1CHD4RFUtxefdqV/A==",
      "license": "MIT",
      "funding": {
        "type": "github",
        "url": "https://github.com/sponsors/dcastil"
      }
    }
  }
}
